PODS:
  - PathKit (0.8.0)
  - Stencil (0.9.0):
    - PathKit (~> 0.8.0)
  - StencilSwiftKit (2.0.1):
    - Stencil (~> 0.9.0)

DEPENDENCIES:
  - Stencil
  - StencilSwiftKit (from `https://github.com/SwiftGen/StencilSwiftKit`, branch `feature/basename-filter`)

EXTERNAL SOURCES:
  StencilSwiftKit:
    :branch: feature/basename-filter
    :git: https://github.com/SwiftGen/StencilSwiftKit

CHECKOUT OPTIONS:
  StencilSwiftKit:
    :commit: a76ad12ca0b46bbb0e4ad55d332d1ba00fb7cd3c
    :git: https://github.com/SwiftGen/StencilSwiftKit

SPEC CHECKSUMS:
  PathKit: dcab05d701474011aae0e40cf892298a831f63d6
  Stencil: 510f0b0518a366b67b6a9c5085a0399741b6d2f9
  StencilSwiftKit: b7f4de5ecd88c484713883d83968da8b6cc3ff97

PODFILE CHECKSUM: aa5cbd70b9d9dd481ee544615e82b035256205b0

COCOAPODS: 1.3.1
